// !$*UTF8*$!
{
	archiveVersion = 1;
	classes = {
	};
	objectVersion = 50;
	objects = {

/* Begin PBXBuildFile section */
		9B32F3F6268245BD00D3C7E7 /* AppDelegate.swift in Sources */ = {isa = PBXBuildFile; fileRef = 9B32F3F5268245BD00D3C7E7 /* AppDelegate.swift */; };
		9B32F3F8268245BD00D3C7E7 /* SceneDelegate.swift in Sources */ = {isa = PBXBuildFile; fileRef = 9B32F3F7268245BD00D3C7E7 /* SceneDelegate.swift */; };
		9B32F3FA268245BD00D3C7E7 /* ViewController.swift in Sources */ = {isa = PBXBuildFile; fileRef = 9B32F3F9268245BD00D3C7E7 /* ViewController.swift */; };
		9B32F3FD268245BE00D3C7E7 /* Main.storyboard in Resources */ = {isa = PBXBuildFile; fileRef = 9B32F3FB268245BE00D3C7E7 /* Main.storyboard */; };
		9B32F3FF268245DA00D3C7E7 /* Assets.xcassets in Resources */ = {isa = PBXBuildFile; fileRef = 9B32F3FE268245DA00D3C7E7 /* Assets.xcassets */; };
		9B32F402268245DA00D3C7E7 /* LaunchScreen.storyboard in Resources */ = {isa = PBXBuildFile; fileRef = 9B32F400268245DA00D3C7E7 /* LaunchScreen.storyboard */; };
		9B32F40D268245DB00D3C7E7 /* beachbar2Tests.swift in Sources */ = {isa = PBXBuildFile; fileRef = 9B32F40C268245DB00D3C7E7 /* beachbar2Tests.swift */; };
		9B32F418268245DB00D3C7E7 /* beachbar2UITests.swift in Sources */ = {isa = PBXBuildFile; fileRef = 9B32F417268245DB00D3C7E7 /* beachbar2UITests.swift */; };
/* End PBXBuildFile section */

/* Begin PBXContainerItemProxy section */
		9B32F409268245DB00D3C7E7 /* PBXContainerItemProxy */ = {
			isa = PBXContainerItemProxy;
			containerPortal = 9B32F3EA268245BD00D3C7E7 /* Project object */;
			proxyType = 1;
			remoteGlobalIDString = 9B32F3F1268245BD00D3C7E7;
			remoteInfo = beachbar2;
		};
		9B32F414268245DB00D3C7E7 /* PBXContainerItemProxy */ = {
			isa = PBXContainerItemProxy;
			containerPortal = 9B32F3EA268245BD00D3C7E7 /* Project object */;
			proxyType = 1;
			remoteGlobalIDString = 9B32F3F1268245BD00D3C7E7;
			remoteInfo = beachbar2;
		};
/* End PBXContainerItemProxy section */

/* Begin PBXFileReference section */
		9B32F3F2268245BD00D3C7E7 /* beachbar2.app */ = {isa = PBXFileReference; explicitFileType = wrapper.application; includeInIndex = 0; path = beachbar2.app; sourceTree = BUILT_PRODUCTS_DIR; };
		9B32F3F5268245BD00D3C7E7 /* AppDelegate.swift */ = {isa = PBXFileReference; lastKnownFileType = sourcecode.swift; path = AppDelegate.swift; sourceTree = "<group>"; };
		9B32F3F7268245BD00D3C7E7 /* SceneDelegate.swift */ = {isa = PBXFileReference; lastKnownFileType = sourcecode.swift; path = SceneDelegate.swift; sourceTree = "<group>"; };
		9B32F3F9268245BD00D3C7E7 /* ViewController.swift */ = {isa = PBXFileReference; lastKnownFileType = sourcecode.swift; path = ViewController.swift; sourceTree = "<group>"; };
		9B32F3FC268245BE00D3C7E7 /* Base */ = {isa = PBXFileReference; lastKnownFileType = file.storyboard; name = Base; path = Base.lproj/Main.storyboard; sourceTree = "<group>"; };
		9B32F3FE268245DA00D3C7E7 /* Assets.xcassets */ = {isa = PBXFileReference; lastKnownFileType = folder.assetcatalog; path = Assets.xcassets; sourceTree = "<group>"; };
		9B32F401268245DA00D3C7E7 /* Base */ = {isa = PBXFileReference; lastKnownFileType = file.storyboard; name = Base; path = Base.lproj/LaunchScreen.storyboard; sourceTree = "<group>"; };
		9B32F403268245DB00D3C7E7 /* Info.plist */ = {isa = PBXFileReference; lastKnownFileType = text.plist.xml; path = Info.plist; sourceTree = "<group>"; };
		9B32F408268245DB00D3C7E7 /* beachbar2Tests.xctest */ = {isa = PBXFileReference; explicitFileType = wrapper.cfbundle; includeInIndex = 0; path = beachbar2Tests.xctest; sourceTree = BUILT_PRODUCTS_DIR; };
		9B32F40C268245DB00D3C7E7 /* beachbar2Tests.swift */ = {isa = PBXFileReference; lastKnownFileType = sourcecode.swift; path = beachbar2Tests.swift; sourceTree = "<group>"; };
		9B32F40E268245DB00D3C7E7 /* Info.plist */ = {isa = PBXFileReference; lastKnownFileType = text.plist.xml; path = Info.plist; sourceTree = "<group>"; };
		9B32F413268245DB00D3C7E7 /* beachbar2UITests.xctest */ = {isa = PBXFileReference; explicitFileType = wrapper.cfbundle; includeInIndex = 0; path = beachbar2UITests.xctest; sourceTree = BUILT_PRODUCTS_DIR; };
		9B32F417268245DB00D3C7E7 /* beachbar2UITests.swift */ = {isa = PBXFileReference; lastKnownFileType = sourcecode.swift; path = beachbar2UITests.swift; sourceTree = "<group>"; };
		9B32F419268245DB00D3C7E7 /* Info.plist */ = {isa = PBXFileReference; lastKnownFileType = text.plist.xml; path = Info.plist; sourceTree = "<group>"; };
/* End PBXFileReference section */

/* Begin PBXFrameworksBuildPhase section */
		9B32F3EF268245BD00D3C7E7 /* Frameworks */ = {
			isa = PBXFrameworksBuildPhase;
			buildActionMask = 2147483647;
			files = (
			);
			runOnlyForDeploymentPostprocessing = 0;
		};
		9B32F405268245DB00D3C7E7 /* Frameworks */ = {
			isa = PBXFrameworksBuildPhase;
			buildActionMask = 2147483647;
			files = (
			);
			runOnlyForDeploymentPostprocessing = 0;
		};
		9B32F410268245DB00D3C7E7 /* Frameworks */ = {
			isa = PBXFrameworksBuildPhase;
			buildActionMask = 2147483647;
			files = (
			);
			runOnlyForDeploymentPostprocessing = 0;
		};
/* End PBXFrameworksBuildPhase section */

/* Begin PBXGroup section */
		9B32F3E9268245BD00D3C7E7 = {
			isa = PBXGroup;
			children = (
				9B32F3F4268245BD00D3C7E7 /* beachbar2 */,
				9B32F40B268245DB00D3C7E7 /* beachbar2Tests */,
				9B32F416268245DB00D3C7E7 /* beachbar2UITests */,
				9B32F3F3268245BD00D3C7E7 /* Products */,
			);
			sourceTree = "<group>";
		};
		9B32F3F3268245BD00D3C7E7 /* Products */ = {
			isa = PBXGroup;
			children = (
				9B32F3F2268245BD00D3C7E7 /* beachbar2.app */,
				9B32F408268245DB00D3C7E7 /* beachbar2Tests.xctest */,
				9B32F413268245DB00D3C7E7 /* beachbar2UITests.xctest */,
			);
			name = Products;
			sourceTree = "<group>";
		};
		9B32F3F4268245BD00D3C7E7 /* beachbar2 */ = {
			isa = PBXGroup;
			children = (
				9B32F3F5268245BD00D3C7E7 /* AppDelegate.swift */,
				9B32F3F7268245BD00D3C7E7 /* SceneDelegate.swift */,
				9B32F3F9268245BD00D3C7E7 /* ViewController.swift */,
				9B32F3FB268245BE00D3C7E7 /* Main.storyboard */,
				9B32F3FE268245DA00D3C7E7 /* Assets.xcassets */,
				9B32F400268245DA00D3C7E7 /* LaunchScreen.storyboard */,
				9B32F403268245DB00D3C7E7 /* Info.plist */,
			);
			path = beachbar2;
			sourceTree = "<group>";
		};
		9B32F40B268245DB00D3C7E7 /* beachbar2Tests */ = {
			isa = PBXGroup;
			children = (
				9B32F40C268245DB00D3C7E7 /* beachbar2Tests.swift */,
				9B32F40E268245DB00D3C7E7 /* Info.plist */,
			);
			path = beachbar2Tests;
			sourceTree = "<group>";
		};
		9B32F416268245DB00D3C7E7 /* beachbar2UITests */ = {
			isa = PBXGroup;
			children = (
				9B32F417268245DB00D3C7E7 /* beachbar2UITests.swift */,
				9B32F419268245DB00D3C7E7 /* Info.plist */,
			);
			path = beachbar2UITests;
			sourceTree = "<group>";
		};
/* End PBXGroup section */

/* Begin PBXNativeTarget section */
		9B32F3F1268245BD00D3C7E7 /* beachbar2 */ = {
			isa = PBXNativeTarget;
			buildConfigurationList = 9B32F41C268245DB00D3C7E7 /* Build configuration list for PBXNativeTarget "beachbar2" */;
			buildPhases = (
				9B32F3EE268245BD00D3C7E7 /* Sources */,
				9B32F3EF268245BD00D3C7E7 /* Frameworks */,
				9B32F3F0268245BD00D3C7E7 /* Resources */,
			);
			buildRules = (
			);
			dependencies = (
			);
			name = beachbar2;
			productName = beachbar2;
			productReference = 9B32F3F2268245BD00D3C7E7 /* beachbar2.app */;
			productType = "com.apple.product-type.application";
		};
		9B32F407268245DB00D3C7E7 /* beachbar2Tests */ = {
			isa = PBXNativeTarget;
			buildConfigurationList = 9B32F41F268245DB00D3C7E7 /* Build configuration list for PBXNativeTarget "beachbar2Tests" */;
			buildPhases = (
				9B32F404268245DB00D3C7E7 /* Sources */,
				9B32F405268245DB00D3C7E7 /* Frameworks */,
				9B32F406268245DB00D3C7E7 /* Resources */,
			);
			buildRules = (
			);
			dependencies = (
				9B32F40A268245DB00D3C7E7 /* PBXTargetDependency */,
			);
			name = beachbar2Tests;
			productName = beachbar2Tests;
			productReference = 9B32F408268245DB00D3C7E7 /* beachbar2Tests.xctest */;
			productType = "com.apple.product-type.bundle.unit-test";
		};
		9B32F412268245DB00D3C7E7 /* beachbar2UITests */ = {
			isa = PBXNativeTarget;
			buildConfigurationList = 9B32F422268245DB00D3C7E7 /* Build configuration list for PBXNativeTarget "beachbar2UITests" */;
			buildPhases = (
				9B32F40F268245DB00D3C7E7 /* Sources */,
				9B32F410268245DB00D3C7E7 /* Frameworks */,
				9B32F411268245DB00D3C7E7 /* Resources */,
			);
			buildRules = (
			);
			dependencies = (
				9B32F415268245DB00D3C7E7 /* PBXTargetDependency */,
			);
			name = beachbar2UITests;
			productName = beachbar2UITests;
			productReference = 9B32F413268245DB00D3C7E7 /* beachbar2UITests.xctest */;
			productType = "com.apple.product-type.bundle.ui-testing";
		};
/* End PBXNativeTarget section */

/* Begin PBXProject section */
		9B32F3EA268245BD00D3C7E7 /* Project object */ = {
			isa = PBXProject;
			attributes = {
				LastSwiftUpdateCheck = 1240;
				LastUpgradeCheck = 1240;
				TargetAttributes = {
					9B32F3F1268245BD00D3C7E7 = {
						CreatedOnToolsVersion = 12.4;
					};
					9B32F407268245DB00D3C7E7 = {
						CreatedOnToolsVersion = 12.4;
						TestTargetID = 9B32F3F1268245BD00D3C7E7;
					};
					9B32F412268245DB00D3C7E7 = {
						CreatedOnToolsVersion = 12.4;
						TestTargetID = 9B32F3F1268245BD00D3C7E7;
					};
				};
			};
			buildConfigurationList = 9B32F3ED268245BD00D3C7E7 /* Build configuration list for PBXProject "beachbar2" */;
			compatibilityVersion = "Xcode 9.3";
			developmentRegion = en;
			hasScannedForEncodings = 0;
			knownRegions = (
				en,
				Base,
			);
			mainGroup = 9B32F3E9268245BD00D3C7E7;
			productRefGroup = 9B32F3F3268245BD00D3C7E7 /* Products */;
			projectDirPath = "";
			projectRoot = "";
			targets = (
				9B32F3F1268245BD00D3C7E7 /* beachbar2 */,
				9B32F407268245DB00D3C7E7 /* beachbar2Tests */,
				9B32F412268245DB00D3C7E7 /* beachbar2UITests */,
			);
		};
/* End PBXProject section */

/* Begin PBXResourcesBuildPhase section */
		9B32F3F0268245BD00D3C7E7 /* Resources */ = {
			isa = PBXResourcesBuildPhase;
			buildActionMask = 2147483647;
			files = (
				9B32F402268245DA00D3C7E7 /* LaunchScreen.storyboard in Resources */,
				9B32F3FF268245DA00D3C7E7 /* Assets.xcassets in Resources */,
				9B32F3FD268245BE00D3C7E7 /* Main.storyboard in Resources */,
			);
			runOnlyForDeploymentPostprocessing = 0;
		};
		9B32F406268245DB00D3C7E7 /* Resources */ = {
			isa = PBXResourcesBuildPhase;
			buildActionMask = 2147483647;
			files = (
			);
			runOnlyForDeploymentPostprocessing = 0;
		};
		9B32F411268245DB00D3C7E7 /* Resources */ = {
			isa = PBXResourcesBuildPhase;
			buildActionMask = 2147483647;
			files = (
			);
			runOnlyForDeploymentPostprocessing = 0;
		};
/* End PBXResourcesBuildPhase section */

/* Begin PBXSourcesBuildPhase section */
		9B32F3EE268245BD00D3C7E7 /* Sources */ = {
			isa = PBXSourcesBuildPhase;
			buildActionMask = 2147483647;
			files = (
				9B32F3FA268245BD00D3C7E7 /* ViewController.swift in Sources */,
				9B32F3F6268245BD00D3C7E7 /* AppDelegate.swift in Sources */,
				9B32F3F8268245BD00D3C7E7 /* SceneDelegate.swift in Sources */,
			);
			runOnlyForDeploymentPostprocessing = 0;
		};
		9B32F404268245DB00D3C7E7 /* Sources */ = {
			isa = PBXSourcesBuildPhase;
			buildActionMask = 2147483647;
			files = (
				9B32F40D268245DB00D3C7E7 /* beachbar2Tests.swift in Sources */,
			);
			runOnlyForDeploymentPostprocessing = 0;
		};
		9B32F40F268245DB00D3C7E7 /* Sources */ = {
			isa = PBXSourcesBuildPhase;
			buildActionMask = 2147483647;
			files = (
				9B32F418268245DB00D3C7E7 /* beachbar2UITests.swift in Sources */,
			);
			runOnlyForDeploymentPostprocessing = 0;
		};
/* End PBXSourcesBuildPhase section */

/* Begin PBXTargetDependency section */
		9B32F40A268245DB00D3C7E7 /* PBXTargetDependency */ = {
			isa = PBXTargetDependency;
			target = 9B32F3F1268245BD00D3C7E7 /* beachbar2 */;
			targetProxy = 9B32F409268245DB00D3C7E7 /* PBXContainerItemProxy */;
		};
		9B32F415268245DB00D3C7E7 /* PBXTargetDependency */ = {
			isa = PBXTargetDependency;
			target = 9B32F3F1268245BD00D3C7E7 /* beachbar2 */;
			targetProxy = 9B32F414268245DB00D3C7E7 /* PBXContainerItemProxy */;
		};
/* End PBXTargetDependency section */

/* Begin PBXVariantGroup section */
		9B32F3FB268245BE00D3C7E7 /* Main.storyboard */ = {
			isa = PBXVariantGroup;
			children = (
				9B32F3FC268245BE00D3C7E7 /* Base */,
			);
			name = Main.storyboard;
			sourceTree = "<group>";
		};
		9B32F400268245DA00D3C7E7 /* LaunchScreen.storyboard */ = {
			isa = PBXVariantGroup;
			children = (
				9B32F401268245DA00D3C7E7 /* Base */,
			);
			name = LaunchScreen.storyboard;
			sourceTree = "<group>";
		};
/* End PBXVariantGroup section */

/* Begin XCBuildConfiguration section */
		9B32F41A268245DB00D3C7E7 /* Debug */ = {
			isa = XCBuildConfiguration;
			buildSettings = {
				ALWAYS_SEARCH_USER_PATHS = NO;
				CLANG_ANALYZER_NONNULL = YES;
				CLANG_ANALYZER_NUMBER_OBJECT_CONVERSION = YES_AGGRESSIVE;
				CLANG_CXX_LANGUAGE_STANDARD = "gnu++14";
				CLANG_CXX_LIBRARY = "libc++";
				CLANG_ENABLE_MODULES = YES;
				CLANG_ENABLE_OBJC_ARC = YES;
				CLANG_ENABLE_OBJC_WEAK = YES;
				CLANG_WARN_BLOCK_CAPTURE_AUTORELEASING = YES;
				CLANG_WARN_BOOL_CONVERSION = YES;
				CLANG_WARN_COMMA = YES;
				CLANG_WARN_CONSTANT_CONVERSION = YES;
				CLANG_WARN_DEPRECATED_OBJC_IMPLEMENTATIONS = YES;
				CLANG_WARN_DIRECT_OBJC_ISA_USAGE = YES_ERROR;
				CLANG_WARN_DOCUMENTATION_COMMENTS = YES;
				CLANG_WARN_EMPTY_BODY = YES;
				CLANG_WARN_ENUM_CONVERSION = YES;
				CLANG_WARN_INFINITE_RECURSION = YES;
				CLANG_WARN_INT_CONVERSION = YES;
				CLANG_WARN_NON_LITERAL_NULL_CONVERSION = YES;
				CLANG_WARN_OBJC_IMPLICIT_RETAIN_SELF = YES;
				CLANG_WARN_OBJC_LITERAL_CONVERSION = YES;
				CLANG_WARN_OBJC_ROOT_CLASS = YES_ERROR;
				CLANG_WARN_QUOTED_INCLUDE_IN_FRAMEWORK_HEADER = YES;
				CLANG_WARN_RANGE_LOOP_ANALYSIS = YES;
				CLANG_WARN_STRICT_PROTOTYPES = YES;
				CLANG_WARN_SUSPICIOUS_MOVE = YES;
				CLANG_WARN_UNGUARDED_AVAILABILITY = YES_AGGRESSIVE;
				CLANG_WARN_UNREACHABLE_CODE = YES;
				CLANG_WARN__DUPLICATE_METHOD_MATCH = YES;
				COPY_PHASE_STRIP = NO;
				DEBUG_INFORMATION_FORMAT = dwarf;
				ENABLE_STRICT_OBJC_MSGSEND = YES;
				ENABLE_TESTABILITY = YES;
				GCC_C_LANGUAGE_STANDARD = gnu11;
				GCC_DYNAMIC_NO_PIC = NO;
				GCC_NO_COMMON_BLOCKS = YES;
				GCC_OPTIMIZATION_LEVEL = 0;
				GCC_PREPROCESSOR_DEFINITIONS = (
					"DEBUG=1",
					"$(inherited)",
				);
				GCC_WARN_64_TO_32_BIT_CONVERSION = YES;
				GCC_WARN_ABOUT_RETURN_TYPE = YES_ERROR;
				GCC_WARN_UNDECLARED_SELECTOR = YES;
				GCC_WARN_UNINITIALIZED_AUTOS = YES_AGGRESSIVE;
				GCC_WARN_UNUSED_FUNCTION = YES;
				GCC_WARN_UNUSED_VARIABLE = YES;
				IPHONEOS_DEPLOYMENT_TARGET = 14.4;
				MTL_ENABLE_DEBUG_INFO = INCLUDE_SOURCE;
				MTL_FAST_MATH = YES;
				ONLY_ACTIVE_ARCH = YES;
				SDKROOT = iphoneos;
				SWIFT_ACTIVE_COMPILATION_CONDITIONS = DEBUG;
				SWIFT_OPTIMIZATION_LEVEL = "-Onone";
			};
			name = Debug;
		};
		9B32F41B268245DB00D3C7E7 /* Release */ = {
			isa = XCBuildConfiguration;
			buildSettings = {
				ALWAYS_SEARCH_USER_PATHS = NO;
				CLANG_ANALYZER_NONNULL = YES;
				CLANG_ANALYZER_NUMBER_OBJECT_CONVERSION = YES_AGGRESSIVE;
				CLANG_CXX_LANGUAGE_STANDARD = "gnu++14";
				CLANG_CXX_LIBRARY = "libc++";
				CLANG_ENABLE_MODULES = YES;
				CLANG_ENABLE_OBJC_ARC = YES;
				CLANG_ENABLE_OBJC_WEAK = YES;
				CLANG_WARN_BLOCK_CAPTURE_AUTORELEASING = YES;
				CLANG_WARN_BOOL_CONVERSION = YES;
				CLANG_WARN_COMMA = YES;
				CLANG_WARN_CONSTANT_CONVERSION = YES;
				CLANG_WARN_DEPRECATED_OBJC_IMPLEMENTATIONS = YES;
				CLANG_WARN_DIRECT_OBJC_ISA_USAGE = YES_ERROR;
				CLANG_WARN_DOCUMENTATION_COMMENTS = YES;
				CLANG_WARN_EMPTY_BODY = YES;
				CLANG_WARN_ENUM_CONVERSION = YES;
				CLANG_WARN_INFINITE_RECURSION = YES;
				CLANG_WARN_INT_CONVERSION = YES;
				CLANG_WARN_NON_LITERAL_NULL_CONVERSION = YES;
				CLANG_WARN_OBJC_IMPLICIT_RETAIN_SELF = YES;
				CLANG_WARN_OBJC_LITERAL_CONVERSION = YES;
				CLANG_WARN_OBJC_ROOT_CLASS = YES_ERROR;
				CLANG_WARN_QUOTED_INCLUDE_IN_FRAMEWORK_HEADER = YES;
				CLANG_WARN_RANGE_LOOP_ANALYSIS = YES;
				CLANG_WARN_STRICT_PROTOTYPES = YES;
				CLANG_WARN_SUSPICIOUS_MOVE = YES;
				CLANG_WARN_UNGUARDED_AVAILABILITY = YES_AGGRESSIVE;
				CLANG_WARN_UNREACHABLE_CODE = YES;
				CLANG_WARN__DUPLICATE_METHOD_MATCH = YES;
				COPY_PHASE_STRIP = NO;
				DEBUG_INFORMATION_FORMAT = "dwarf-with-dsym";
				ENABLE_NS_ASSERTIONS = NO;
				ENABLE_STRICT_OBJC_MSGSEND = YES;
				GCC_C_LANGUAGE_STANDARD = gnu11;
				GCC_NO_COMMON_BLOCKS = YES;
				GCC_WARN_64_TO_32_BIT_CONVERSION = YES;
				GCC_WARN_ABOUT_RETURN_TYPE = YES_ERROR;
				GCC_WARN_UNDECLARED_SELECTOR = YES;
				GCC_WARN_UNINITIALIZED_AUTOS = YES_AGGRESSIVE;
				GCC_WARN_UNUSED_FUNCTION = YES;
				GCC_WARN_UNUSED_VARIABLE = YES;
				IPHONEOS_DEPLOYMENT_TARGET = 14.4;
				MTL_ENABLE_DEBUG_INFO = NO;
				MTL_FAST_MATH = YES;
				SDKROOT = iphoneos;
				SWIFT_COMPILATION_MODE = wholemodule;
				SWIFT_OPTIMIZATION_LEVEL = "-O";
				VALIDATE_PRODUCT = YES;
			};
			name = Release;
		};
		9B32F41D268245DB00D3C7E7 /* Debug */ = {
			isa = XCBuildConfiguration;
			buildSettings = {
				ASSETCATALOG_COMPILER_APPICON_NAME = AppIcon;
				ASSETCATALOG_COMPILER_GLOBAL_ACCENT_COLOR_NAME = AccentColor;
				CODE_SIGN_STYLE = Automatic;
				DEVELOPMENT_TEAM = X7D8PW5HYJ;
				INFOPLIST_FILE = beachbar2/Info.plist;
				LD_RUNPATH_SEARCH_PATHS = (
					"$(inherited)",
					"@executable_path/Frameworks",
				);
				PRODUCT_BUNDLE_IDENTIFIER = com.LouisHelsen.beachbar2;
				PRODUCT_NAME = "$(TARGET_NAME)";
				SWIFT_VERSION = 5.0;
				TARGETED_DEVICE_FAMILY = "1,2";
			};
			name = Debug;
		};
		9B32F41E268245DB00D3C7E7 /* Release */ = {
			isa = XCBuildConfiguration;
			buildSettings = {
				ASSETCATALOG_COMPILER_APPICON_NAME = AppIcon;
				ASSETCATALOG_COMPILER_GLOBAL_ACCENT_COLOR_NAME = AccentColor;
				CODE_SIGN_STYLE = Automatic;
				DEVELOPMENT_TEAM = X7D8PW5HYJ;
				INFOPLIST_FILE = beachbar2/Info.plist;
				LD_RUNPATH_SEARCH_PATHS = (
					"$(inherited)",
					"@executable_path/Frameworks",
				);
				PRODUCT_BUNDLE_IDENTIFIER = com.LouisHelsen.beachbar2;
				PRODUCT_NAME = "$(TARGET_NAME)";
				SWIFT_VERSION = 5.0;
				TARGETED_DEVICE_FAMILY = "1,2";
			};
			name = Release;
		};
		9B32F420268245DB00D3C7E7 /* Debug */ = {
			isa = XCBuildConfiguration;
			buildSettings = {
				ALWAYS_EMBED_SWIFT_STANDARD_LIBRARIES = YES;
				BUNDLE_LOADER = "$(TEST_HOST)";
				CODE_SIGN_STYLE = Automatic;
				DEVELOPMENT_TEAM = X7D8PW5HYJ;
				INFOPLIST_FILE = beachbar2Tests/Info.plist;
				IPHONEOS_DEPLOYMENT_TARGET = 14.4;
				LD_RUNPATH_SEARCH_PATHS = (
					"$(inherited)",
					"@executable_path/Frameworks",
					"@loader_path/Frameworks",
				);
				PRODUCT_BUNDLE_IDENTIFIER = com.LouisHelsen.beachbar2Tests;
				PRODUCT_NAME = "$(TARGET_NAME)";
				SWIFT_VERSION = 5.0;
				TARGETED_DEVICE_FAMILY = "1,2";
				TEST_HOST = "$(BUILT_PRODUCTS_DIR)/beachbar2.app/beachbar2";
			};
			name = Debug;
		};
		9B32F421268245DB00D3C7E7 /* Release */ = {
			isa = XCBuildConfiguration;
			buildSettings = {
				ALWAYS_EMBED_SWIFT_STANDARD_LIBRARIES = YES;
				BUNDLE_LOADER = "$(TEST_HOST)";
				CODE_SIGN_STYLE = Automatic;
				DEVELOPMENT_TEAM = X7D8PW5HYJ;
				INFOPLIST_FILE = beachbar2Tests/Info.plist;
				IPHONEOS_DEPLOYMENT_TARGET = 14.4;
				LD_RUNPATH_SEARCH_PATHS = (
					"$(inherited)",
					"@executable_path/Frameworks",
					"@loader_path/Frameworks",
				);
				PRODUCT_BUNDLE_IDENTIFIER = com.LouisHelsen.beachbar2Tests;
				PRODUCT_NAME = "$(TARGET_NAME)";
				SWIFT_VERSION = 5.0;
				TARGETED_DEVICE_FAMILY = "1,2";
				TEST_HOST = "$(BUILT_PRODUCTS_DIR)/beachbar2.app/beachbar2";
			};
			name = Release;
		};
		9B32F423268245DB00D3C7E7 /* Debug */ = {
			isa = XCBuildConfiguration;
			buildSettings = {
				ALWAYS_EMBED_SWIFT_STANDARD_LIBRARIES = YES;
				CODE_SIGN_STYLE = Automatic;
				DEVELOPMENT_TEAM = X7D8PW5HYJ;
				INFOPLIST_FILE = beachbar2UITests/Info.plist;
				LD_RUNPATH_SEARCH_PATHS = (
					"$(inherited)",
					"@executable_path/Frameworks",
					"@loader_path/Frameworks",
				);
				PRODUCT_BUNDLE_IDENTIFIER = com.LouisHelsen.beachbar2UITests;
				PRODUCT_NAME = "$(TARGET_NAME)";
				SWIFT_VERSION = 5.0;
				TARGETED_DEVICE_FAMILY = "1,2";
				TEST_TARGET_NAME = beachbar2;
			};
			name = Debug;
		};
		9B32F424268245DB00D3C7E7 /* Release */ = {
			isa = XCBuildConfiguration;
			buildSettings = {
				ALWAYS_EMBED_SWIFT_STANDARD_LIBRARIES = YES;
				CODE_SIGN_STYLE = Automatic;
				DEVELOPMENT_TEAM = X7D8PW5HYJ;
				INFOPLIST_FILE = beachbar2UITests/Info.plist;
				LD_RUNPATH_SEARCH_PATHS = (
					"$(inherited)",
					"@executable_path/Frameworks",
					"@loader_path/Frameworks",
				);
				PRODUCT_BUNDLE_IDENTIFIER = com.LouisHelsen.beachbar2UITests;
				PRODUCT_NAME = "$(TARGET_NAME)";
				SWIFT_VERSION = 5.0;
				TARGETED_DEVICE_FAMILY = "1,2";
				TEST_TARGET_NAME = beachbar2;
			};
			name = Release;
		};
/* End XCBuildConfiguration section */

/* Begin XCConfigurationList section */
		9B32F3ED268245BD00D3C7E7 /* Build configuration list for PBXProject "beachbar2" */ = {
			isa = XCConfigurationList;
			buildConfigurations = (
				9B32F41A268245DB00D3C7E7 /* Debug */,
				9B32F41B268245DB00D3C7E7 /* Release */,
			);
			defaultConfigurationIsVisible = 0;
			defaultConfigurationName = Release;
		};
		9B32F41C268245DB00D3C7E7 /* Build configuration list for PBXNativeTarget "beachbar2" */ = {
			isa = XCConfigurationList;
			buildConfigurations = (
				9B32F41D268245DB00D3C7E7 /* Debug */,
				9B32F41E268245DB00D3C7E7 /* Release */,
			);
			defaultConfigurationIsVisible = 0;
			defaultConfigurationName = Release;
		};
		9B32F41F268245DB00D3C7E7 /* Build configuration list for PBXNativeTarget "beachbar2Tests" */ = {
			isa = XCConfigurationList;
			buildConfigurations = (
				9B32F420268245DB00D3C7E7 /* Debug */,
				9B32F421268245DB00D3C7E7 /* Release */,
			);
			defaultConfigurationIsVisible = 0;
			defaultConfigurationName = Release;
		};
		9B32F422268245DB00D3C7E7 /* Build configuration list for PBXNativeTarget "beachbar2UITests" */ = {
			isa = XCConfigurationList;
			buildConfigurations = (
				9B32F423268245DB00D3C7E7 /* Debug */,
				9B32F424268245DB00D3C7E7 /* Release */,
			);
			defaultConfigurationIsVisible = 0;
			defaultConfigurationName = Release;
		};
/* End XCConfigurationList section */
	};
	rootObject = 9B32F3EA268245BD00D3C7E7 /* Project object */;
}
